// !$*UTF8*$!
{
	archiveVersion = 1;
	classes = {
	};
	objectVersion = 46;
	objects = {

/* Begin PBXBuildFile section */
		2DE4DB9619C6AE2B00FA28E2 /* main.m in Sources */ = {isa = PBXBuildFile; fileRef = 2DE4DB9519C6AE2B00FA28E2 /* main.m */; };
		2DE4DB9919C6AE2B00FA28E2 /* AppDelegate.m in Sources */ = {isa = PBXBuildFile; fileRef = 2DE4DB9819C6AE2B00FA28E2 /* AppDelegate.m */; };
		2DE4DB9C19C6AE2B00FA28E2 /* ViewController.m in Sources */ = {isa = PBXBuildFile; fileRef = 2DE4DB9B19C6AE2B00FA28E2 /* ViewController.m */; };
		2DE4DB9F19C6AE2B00FA28E2 /* Main.storyboard in Resources */ = {isa = PBXBuildFile; fileRef = 2DE4DB9D19C6AE2B00FA28E2 /* Main.storyboard */; };
		2DE4DBA119C6AE2B00FA28E2 /* Images.xcassets in Resources */ = {isa = PBXBuildFile; fileRef = 2DE4DBA019C6AE2B00FA28E2 /* Images.xcassets */; };
		2DE4DBAD19C6AE2B00FA28E2 /* Rotten_TomatoesTests.m in Sources */ = {isa = PBXBuildFile; fileRef = 2DE4DBAC19C6AE2B00FA28E2 /* Rotten_TomatoesTests.m */; };
/* End PBXBuildFile section */

/* Begin PBXContainerItemProxy section */
		2DE4DBA719C6AE2B00FA28E2 /* PBXContainerItemProxy */ = {
			isa = PBXContainerItemProxy;
			containerPortal = 2DE4DB8819C6AE2B00FA28E2 /* Project object */;
			proxyType = 1;
			remoteGlobalIDString = 2DE4DB8F19C6AE2B00FA28E2;
			remoteInfo = "Rotten Tomatoes";
		};
/* End PBXContainerItemProxy section */

/* Begin PBXFileReference section */
		2DE4DB9019C6AE2B00FA28E2 /* Rotten Tomatoes.app */ = {isa = PBXFileReference; explicitFileType = wrapper.application; includeInIndex = 0; path = "Rotten Tomatoes.app"; sourceTree = BUILT_PRODUCTS_DIR; };
		2DE4DB9419C6AE2B00FA28E2 /* Info.plist */ = {isa = PBXFileReference; lastKnownFileType = text.plist.xml; path = Info.plist; sourceTree = "<group>"; };
		2DE4DB9519C6AE2B00FA28E2 /* main.m */ = {isa = PBXFileReference; lastKnownFileType = sourcecode.c.objc; path = main.m; sourceTree = "<group>"; };
		2DE4DB9719C6AE2B00FA28E2 /* AppDelegate.h */ = {isa = PBXFileReference; lastKnownFileType = sourcecode.c.h; path = AppDelegate.h; sourceTree = "<group>"; };
		2DE4DB9819C6AE2B00FA28E2 /* AppDelegate.m */ = {isa = PBXFileReference; lastKnownFileType = sourcecode.c.objc; path = AppDelegate.m; sourceTree = "<group>"; };
		2DE4DB9A19C6AE2B00FA28E2 /* ViewController.h */ = {isa = PBXFileReference; lastKnownFileType = sourcecode.c.h; path = ViewController.h; sourceTree = "<group>"; };
		2DE4DB9B19C6AE2B00FA28E2 /* ViewController.m */ = {isa = PBXFileReference; lastKnownFileType = sourcecode.c.objc; path = ViewController.m; sourceTree = "<group>"; };
		2DE4DB9E19C6AE2B00FA28E2 /* Base */ = {isa = PBXFileReference; lastKnownFileType = file.storyboard; name = Base; path = Base.lproj/Main.storyboard; sourceTree = "<group>"; };
		2DE4DBA019C6AE2B00FA28E2 /* Images.xcassets */ = {isa = PBXFileReference; lastKnownFileType = folder.assetcatalog; path = Images.xcassets; sourceTree = "<group>"; };
		2DE4DBA619C6AE2B00FA28E2 /* Rotten TomatoesTests.xctest */ = {isa = PBXFileReference; explicitFileType = wrapper.cfbundle; includeInIndex = 0; path = "Rotten TomatoesTests.xctest"; sourceTree = BUILT_PRODUCTS_DIR; };
		2DE4DBAB19C6AE2B00FA28E2 /* Info.plist */ = {isa = PBXFileReference; lastKnownFileType = text.plist.xml; path = Info.plist; sourceTree = "<group>"; };
		2DE4DBAC19C6AE2B00FA28E2 /* Rotten_TomatoesTests.m */ = {isa = PBXFileReference; lastKnownFileType = sourcecode.c.objc; path = Rotten_TomatoesTests.m; sourceTree = "<group>"; };
/* End PBXFileReference section */

/* Begin PBXFrameworksBuildPhase section */
		2DE4DB8D19C6AE2B00FA28E2 /* Frameworks */ = {
			isa = PBXFrameworksBuildPhase;
			buildActionMask = 2147483647;
			files = (
			);
			runOnlyForDeploymentPostprocessing = 0;
		};
		2DE4DBA319C6AE2B00FA28E2 /* Frameworks */ = {
			isa = PBXFrameworksBuildPhase;
			buildActionMask = 2147483647;
			files = (
			);
			runOnlyForDeploymentPostprocessing = 0;
		};
/* End PBXFrameworksBuildPhase section */

/* Begin PBXGroup section */
		2DE4DB8719C6AE2B00FA28E2 = {
			isa = PBXGroup;
			children = (
				2DE4DB9219C6AE2B00FA28E2 /* Rotten Tomatoes */,
				2DE4DBA919C6AE2B00FA28E2 /* Rotten TomatoesTests */,
				2DE4DB9119C6AE2B00FA28E2 /* Products */,
			);
			sourceTree = "<group>";
		};
		2DE4DB9119C6AE2B00FA28E2 /* Products */ = {
			isa = PBXGroup;
			children = (
				2DE4DB9019C6AE2B00FA28E2 /* Rotten Tomatoes.app */,
				2DE4DBA619C6AE2B00FA28E2 /* Rotten TomatoesTests.xctest */,
			);
			name = Products;
			sourceTree = "<group>";
		};
		2DE4DB9219C6AE2B00FA28E2 /* Rotten Tomatoes */ = {
			isa = PBXGroup;
			children = (
				2DE4DB9719C6AE2B00FA28E2 /* AppDelegate.h */,
				2DE4DB9819C6AE2B00FA28E2 /* AppDelegate.m */,
				2DE4DB9A19C6AE2B00FA28E2 /* ViewController.h */,
				2DE4DB9B19C6AE2B00FA28E2 /* ViewController.m */,
				2DE4DB9D19C6AE2B00FA28E2 /* Main.storyboard */,
				2DE4DBA019C6AE2B00FA28E2 /* Images.xcassets */,
				2DE4DB9319C6AE2B00FA28E2 /* Supporting Files */,
			);
			path = "Rotten Tomatoes";
			sourceTree = "<group>";
		};
		2DE4DB9319C6AE2B00FA28E2 /* Supporting Files */ = {
			isa = PBXGroup;
			children = (
				2DE4DB9419C6AE2B00FA28E2 /* Info.plist */,
				2DE4DB9519C6AE2B00FA28E2 /* main.m */,
			);
			name = "Supporting Files";
			sourceTree = "<group>";
		};
		2DE4DBA919C6AE2B00FA28E2 /* Rotten TomatoesTests */ = {
			isa = PBXGroup;
			children = (
				2DE4DBAC19C6AE2B00FA28E2 /* Rotten_TomatoesTests.m */,
				2DE4DBAA19C6AE2B00FA28E2 /* Supporting Files */,
			);
			path = "Rotten TomatoesTests";
			sourceTree = "<group>";
		};
		2DE4DBAA19C6AE2B00FA28E2 /* Supporting Files */ = {
			isa = PBXGroup;
			children = (
				2DE4DBAB19C6AE2B00FA28E2 /* Info.plist */,
			);
			name = "Supporting Files";
			sourceTree = "<group>";
		};
/* End PBXGroup section */

/* Begin PBXNativeTarget section */
		2DE4DB8F19C6AE2B00FA28E2 /* Rotten Tomatoes */ = {
			isa = PBXNativeTarget;
			buildConfigurationList = 2DE4DBB019C6AE2B00FA28E2 /* Build configuration list for PBXNativeTarget "Rotten Tomatoes" */;
			buildPhases = (
				2DE4DB8C19C6AE2B00FA28E2 /* Sources */,
				2DE4DB8D19C6AE2B00FA28E2 /* Frameworks */,
				2DE4DB8E19C6AE2B00FA28E2 /* Resources */,
			);
			buildRules = (
			);
			dependencies = (
			);
			name = "Rotten Tomatoes";
			productName = "Rotten Tomatoes";
			productReference = 2DE4DB9019C6AE2B00FA28E2 /* Rotten Tomatoes.app */;
			productType = "com.apple.product-type.application";
		};
		2DE4DBA519C6AE2B00FA28E2 /* Rotten TomatoesTests */ = {
			isa = PBXNativeTarget;
			buildConfigurationList = 2DE4DBB319C6AE2B00FA28E2 /* Build configuration list for PBXNativeTarget "Rotten TomatoesTests" */;
			buildPhases = (
				2DE4DBA219C6AE2B00FA28E2 /* Sources */,
				2DE4DBA319C6AE2B00FA28E2 /* Frameworks */,
				2DE4DBA419C6AE2B00FA28E2 /* Resources */,
			);
			buildRules = (
			);
			dependencies = (
				2DE4DBA819C6AE2B00FA28E2 /* PBXTargetDependency */,
			);
			name = "Rotten TomatoesTests";
			productName = "Rotten TomatoesTests";
			productReference = 2DE4DBA619C6AE2B00FA28E2 /* Rotten TomatoesTests.xctest */;
			productType = "com.apple.product-type.bundle.unit-test";
		};
/* End PBXNativeTarget section */

/* Begin PBXProject section */
		2DE4DB8819C6AE2B00FA28E2 /* Project object */ = {
			isa = PBXProject;
			attributes = {
				LastUpgradeCheck = 0600;
				ORGANIZATIONNAME = "Y.CORP.YAHOO.COM\\bal";
				TargetAttributes = {
					2DE4DB8F19C6AE2B00FA28E2 = {
						CreatedOnToolsVersion = 6.0;
					};
					2DE4DBA519C6AE2B00FA28E2 = {
						CreatedOnToolsVersion = 6.0;
						TestTargetID = 2DE4DB8F19C6AE2B00FA28E2;
					};
				};
			};
			buildConfigurationList = 2DE4DB8B19C6AE2B00FA28E2 /* Build configuration list for PBXProject "Rotten Tomatoes" */;
			compatibilityVersion = "Xcode 3.2";
			developmentRegion = English;
			hasScannedForEncodings = 0;
			knownRegions = (
				en,
				Base,
			);
			mainGroup = 2DE4DB8719C6AE2B00FA28E2;
			productRefGroup = 2DE4DB9119C6AE2B00FA28E2 /* Products */;
			projectDirPath = "";
			projectRoot = "";
			targets = (
				2DE4DB8F19C6AE2B00FA28E2 /* Rotten Tomatoes */,
				2DE4DBA519C6AE2B00FA28E2 /* Rotten TomatoesTests */,
			);
		};
/* End PBXProject section */

/* Begin PBXResourcesBuildPhase section */
		2DE4DB8E19C6AE2B00FA28E2 /* Resources */ = {
			isa = PBXResourcesBuildPhase;
			buildActionMask = 2147483647;
			files = (
				2DE4DB9F19C6AE2B00FA28E2 /* Main.storyboard in Resources */,
				2DE4DBA119C6AE2B00FA28E2 /* Images.xcassets in Resources */,
			);
			runOnlyForDeploymentPostprocessing = 0;
		};
		2DE4DBA419C6AE2B00FA28E2 /* Resources */ = {
			isa = PBXResourcesBuildPhase;
			buildActionMask = 2147483647;
			files = (
			);
			runOnlyForDeploymentPostprocessing = 0;
		};
/* End PBXResourcesBuildPhase section */

/* Begin PBXSourcesBuildPhase section */
		2DE4DB8C19C6AE2B00FA28E2 /* Sources */ = {
			isa = PBXSourcesBuildPhase;
			buildActionMask = 2147483647;
			files = (
				2DE4DB9C19C6AE2B00FA28E2 /* ViewController.m in Sources */,
				2DE4DB9919C6AE2B00FA28E2 /* AppDelegate.m in Sources */,
				2DE4DB9619C6AE2B00FA28E2 /* main.m in Sources */,
			);
			runOnlyForDeploymentPostprocessing = 0;
		};
		2DE4DBA219C6AE2B00FA28E2 /* Sources */ = {
			isa = PBXSourcesBuildPhase;
			buildActionMask = 2147483647;
			files = (
				2DE4DBAD19C6AE2B00FA28E2 /* Rotten_TomatoesTests.m in Sources */,
			);
			runOnlyForDeploymentPostprocessing = 0;
		};
/* End PBXSourcesBuildPhase section */

/* Begin PBXTargetDependency section */
		2DE4DBA819C6AE2B00FA28E2 /* PBXTargetDependency */ = {
			isa = PBXTargetDependency;
			target = 2DE4DB8F19C6AE2B00FA28E2 /* Rotten Tomatoes */;
			targetProxy = 2DE4DBA719C6AE2B00FA28E2 /* PBXContainerItemProxy */;
		};
/* End PBXTargetDependency section */

/* Begin PBXVariantGroup section */
		2DE4DB9D19C6AE2B00FA28E2 /* Main.storyboard */ = {
			isa = PBXVariantGroup;
			children = (
				2DE4DB9E19C6AE2B00FA28E2 /* Base */,
			);
			name = Main.storyboard;
			sourceTree = "<group>";
		};
/* End PBXVariantGroup section */

/* Begin XCBuildConfiguration section */
		2DE4DBAE19C6AE2B00FA28E2 /* Debug */ = {
			isa = XCBuildConfiguration;
			buildSettings = {
				ALWAYS_SEARCH_USER_PATHS = NO;
				CLANG_CXX_LANGUAGE_STANDARD = "gnu++0x";
				CLANG_CXX_LIBRARY = "libc++";
				CLANG_ENABLE_MODULES = YES;
				CLANG_ENABLE_OBJC_ARC = YES;
				CLANG_WARN_BOOL_CONVERSION = YES;
				CLANG_WARN_CONSTANT_CONVERSION = YES;
				CLANG_WARN_DIRECT_OBJC_ISA_USAGE = YES_ERROR;
				CLANG_WARN_EMPTY_BODY = YES;
				CLANG_WARN_ENUM_CONVERSION = YES;
				CLANG_WARN_INT_CONVERSION = YES;
				CLANG_WARN_OBJC_ROOT_CLASS = YES_ERROR;
				CLANG_WARN_UNREACHABLE_CODE = YES;
				CLANG_WARN__DUPLICATE_METHOD_MATCH = YES;
				"CODE_SIGN_IDENTITY[sdk=iphoneos*]" = "iPhone Developer";
				COPY_PHASE_STRIP = NO;
				ENABLE_STRICT_OBJC_MSGSEND = YES;
				GCC_C_LANGUAGE_STANDARD = gnu99;
				GCC_DYNAMIC_NO_PIC = NO;
				GCC_OPTIMIZATION_LEVEL = 0;
				GCC_PREPROCESSOR_DEFINITIONS = (
					"DEBUG=1",
					"$(inherited)",
				);
				GCC_SYMBOLS_PRIVATE_EXTERN = NO;
				GCC_WARN_64_TO_32_BIT_CONVERSION = YES;
				GCC_WARN_ABOUT_RETURN_TYPE = YES_ERROR;
				GCC_WARN_UNDECLARED_SELECTOR = YES;
				GCC_WARN_UNINITIALIZED_AUTOS = YES_AGGRESSIVE;
				GCC_WARN_UNUSED_FUNCTION = YES;
				GCC_WARN_UNUSED_VARIABLE = YES;
				IPHONEOS_DEPLOYMENT_TARGET = 8.0;
				METAL_ENABLE_DEBUG_INFO = YES;
				ONLY_ACTIVE_ARCH = YES;
				SDKROOT = iphoneos;
			};
			name = Debug;
		};
		2DE4DBAF19C6AE2B00FA28E2 /* Release */ = {
			isa = XCBuildConfiguration;
			buildSettings = {
				ALWAYS_SEARCH_USER_PATHS = NO;
				CLANG_CXX_LANGUAGE_STANDARD = "gnu++0x";
				CLANG_CXX_LIBRARY = "libc++";
				CLANG_ENABLE_MODULES = YES;
				CLANG_ENABLE_OBJC_ARC = YES;
				CLANG_WARN_BOOL_CONVERSION = YES;
				CLANG_WARN_CONSTANT_CONVERSION = YES;
				CLANG_WARN_DIRECT_OBJC_ISA_USAGE = YES_ERROR;
				CLANG_WARN_EMPTY_BODY = YES;
				CLANG_WARN_ENUM_CONVERSION = YES;
				CLANG_WARN_INT_CONVERSION = YES;
				CLANG_WARN_OBJC_ROOT_CLASS = YES_ERROR;
				CLANG_WARN_UNREACHABLE_CODE = YES;
				CLANG_WARN__DUPLICATE_METHOD_MATCH = YES;
				"CODE_SIGN_IDENTITY[sdk=iphoneos*]" = "iPhone Developer";
				COPY_PHASE_STRIP = YES;
				ENABLE_NS_ASSERTIONS = NO;
				ENABLE_STRICT_OBJC_MSGSEND = YES;
				GCC_C_LANGUAGE_STANDARD = gnu99;
				GCC_WARN_64_TO_32_BIT_CONVERSION = YES;
				GCC_WARN_ABOUT_RETURN_TYPE = YES_ERROR;
				GCC_WARN_UNDECLARED_SELECTOR = YES;
				GCC_WARN_UNINITIALIZED_AUTOS = YES_AGGRESSIVE;
				GCC_WARN_UNUSED_FUNCTION = YES;
				GCC_WARN_UNUSED_VARIABLE = YES;
				IPHONEOS_DEPLOYMENT_TARGET = 8.0;
				METAL_ENABLE_DEBUG_INFO = NO;
				SDKROOT = iphoneos;
				VALIDATE_PRODUCT = YES;
			};
			name = Release;
		};
		2DE4DBB119C6AE2B00FA28E2 /* Debug */ = {
			isa = XCBuildConfiguration;
			buildSettings = {
				ASSETCATALOG_COMPILER_APPICON_NAME = AppIcon;
				ASSETCATALOG_COMPILER_LAUNCHIMAGE_NAME = LaunchImage;
				INFOPLIST_FILE = "Rotten Tomatoes/Info.plist";
				LD_RUNPATH_SEARCH_PATHS = "$(inherited) @executable_path/Frameworks";
				PRODUCT_NAME = "$(TARGET_NAME)";
			};
			name = Debug;
		};
		2DE4DBB219C6AE2B00FA28E2 /* Release */ = {
			isa = XCBuildConfiguration;
			buildSettings = {
				ASSETCATALOG_COMPILER_APPICON_NAME = AppIcon;
				ASSETCATALOG_COMPILER_LAUNCHIMAGE_NAME = LaunchImage;
				INFOPLIST_FILE = "Rotten Tomatoes/Info.plist";
				LD_RUNPATH_SEARCH_PATHS = "$(inherited) @executable_path/Frameworks";
				PRODUCT_NAME = "$(TARGET_NAME)";
			};
			name = Release;
		};
		2DE4DBB419C6AE2B00FA28E2 /* Debug */ = {
			isa = XCBuildConfiguration;
			buildSettings = {
				BUNDLE_LOADER = "$(BUILT_PRODUCTS_DIR)/Rotten Tomatoes.app/Rotten Tomatoes";
				FRAMEWORK_SEARCH_PATHS = (
					"$(SDKROOT)/Developer/Library/Frameworks",
					"$(inherited)",
				);
				GCC_PREPROCESSOR_DEFINITIONS = (
					"DEBUG=1",
					"$(inherited)",
				);
				INFOPLIST_FILE = "Rotten TomatoesTests/Info.plist";
				LD_RUNPATH_SEARCH_PATHS = "$(inherited) @executable_path/Frameworks @loader_path/Frameworks";
				METAL_ENABLE_DEBUG_INFO = YES;
				PRODUCT_NAME = "$(TARGET_NAME)";
				TEST_HOST = "$(BUNDLE_LOADER)";
			};
			name = Debug;
		};
		2DE4DBB519C6AE2B00FA28E2 /* Release */ = {
			isa = XCBuildConfiguration;
			buildSettings = {
				BUNDLE_LOADER = "$(BUILT_PRODUCTS_DIR)/Rotten Tomatoes.app/Rotten Tomatoes";
				FRAMEWORK_SEARCH_PATHS = (
					"$(SDKROOT)/Developer/Library/Frameworks",
					"$(inherited)",
				);
				INFOPLIST_FILE = "Rotten TomatoesTests/Info.plist";
				LD_RUNPATH_SEARCH_PATHS = "$(inherited) @executable_path/Frameworks @loader_path/Frameworks";
				METAL_ENABLE_DEBUG_INFO = NO;
				PRODUCT_NAME = "$(TARGET_NAME)";
				TEST_HOST = "$(BUNDLE_LOADER)";
			};
			name = Release;
		};
/* End XCBuildConfiguration section */

/* Begin XCConfigurationList section */
		2DE4DB8B19C6AE2B00FA28E2 /* Build configuration list for PBXProject "Rotten Tomatoes" */ = {
			isa = XCConfigurationList;
			buildConfigurations = (
				2DE4DBAE19C6AE2B00FA28E2 /* Debug */,
				2DE4DBAF19C6AE2B00FA28E2 /* Release */,
			);
			defaultConfigurationIsVisible = 0;
			defaultConfigurationName = Release;
		};
		2DE4DBB019C6AE2B00FA28E2 /* Build configuration list for PBXNativeTarget "Rotten Tomatoes" */ = {
			isa = XCConfigurationList;
			buildConfigurations = (
				2DE4DBB119C6AE2B00FA28E2 /* Debug */,
				2DE4DBB219C6AE2B00FA28E2 /* Release */,
			);
			defaultConfigurationIsVisible = 0;
		};
		2DE4DBB319C6AE2B00FA28E2 /* Build configuration list for PBXNativeTarget "Rotten TomatoesTests" */ = {
			isa = XCConfigurationList;
			buildConfigurations = (
				2DE4DBB419C6AE2B00FA28E2 /* Debug */,
				2DE4DBB519C6AE2B00FA28E2 /* Release */,
			);
			defaultConfigurationIsVisible = 0;
		};
/* End XCConfigurationList section */
	};
	rootObject = 2DE4DB8819C6AE2B00FA28E2 /* Project object */;
}
